
Microsoft Visual Studio Solution File, Format Version 12.00
# Visual Studio Version 16
VisualStudioVersion = 16.0.33423.256
MinimumVisualStudioVersion = 10.0.40219.1
Project("{FAE04EC0-301F-11D3-BF4B-00C04F79EFBC}") = "Lab3_DP", "Lab3_DP\Lab3_DP.csproj", "{5CE5AE16-A439-4E82-8E1A-726C67E3A173}"
EndProject
Global
	GlobalSection(SolutionConfigurationPlatforms) = preSolution
		Debug|Any CPU = Debug|Any CPU
		Release|Any CPU = Release|Any CPU
	EndGlobalSection
	GlobalSection(ProjectConfigurationPlatforms) = postSolution
		{5CE5AE16-A439-4E82-8E1A-726C67E3A173}.Debug|Any CPU.ActiveCfg = Debug|Any CPU
		{5CE5AE16-A439-4E82-8E1A-726C67E3A173}.Debug|Any CPU.Build.0 = Debug|Any CPU
		{5CE5AE16-A439-4E82-8E1A-726C67E3A173}.Release|Any CPU.ActiveCfg = Release|Any CPU
		{5CE5AE16-A439-4E82-8E1A-726C67E3A173}.Release|Any CPU.Build.0 = Release|Any CPU
	EndGlobalSection
	GlobalSection(SolutionProperties) = preSolution
		HideSolutionNode = FALSE
	EndGlobalSection
	GlobalSection(ExtensibilityGlobals) = postSolution
		SolutionGuid = {9FCBB4A9-E2DE-443C-835A-ED700627809E}
	EndGlobalSection
EndGlobal
